
Microsoft Visual Studio Solution File, Format Version 12.00
# Visual Studio Version 17
VisualStudioVersion = 17.1.32421.90
MinimumVisualStudioVersion = 10.0.40219.1
Project("{FAE04EC0-301F-11D3-BF4B-00C04F79EFBC}") = "EntityFrameworkPOC", "EntityFrameworkPOC\EntityFrameworkPOC.csproj", "{DC182537-6699-4C93-9E25-53F7314DA5B8}"
EndProject
Global
	GlobalSection(SolutionConfigurationPlatforms) = preSolution
		Debug|Any CPU = Debug|Any CPU
		Release|Any CPU = Release|Any CPU
	EndGlobalSection
	GlobalSection(ProjectConfigurationPlatforms) = postSolution
		{DC182537-6699-4C93-9E25-53F7314DA5B8}.Debug|Any CPU.ActiveCfg = Debug|Any CPU
		{DC182537-6699-4C93-9E25-53F7314DA5B8}.Debug|Any CPU.Build.0 = Debug|Any CPU
		{DC182537-6699-4C93-9E25-53F7314DA5B8}.Release|Any CPU.ActiveCfg = Release|Any CPU
		{DC182537-6699-4C93-9E25-53F7314DA5B8}.Release|Any CPU.Build.0 = Release|Any CPU
	EndGlobalSection
	GlobalSection(SolutionProperties) = preSolution
		HideSolutionNode = FALSE
	EndGlobalSection
	GlobalSection(ExtensibilityGlobals) = postSolution
		SolutionGuid = {36B5EBFE-FBA8-424F-8276-D19EDD8DEEB0}
	EndGlobalSection
EndGlobal
